
Microsoft Visual Studio Solution File, Format Version 12.00
# Visual Studio Version 16
VisualStudioVersion = 16.0.31112.23
MinimumVisualStudioVersion = 10.0.40219.1
Project("{FAE04EC0-301F-11D3-BF4B-00C04F79EFBC}") = "University_Management", "University_Management\University_Management.csproj", "{16A846A1-A6D9-4B86-8840-C26D0845807F}"
EndProject
Global
	GlobalSection(SolutionConfigurationPlatforms) = preSolution
		Debug|Any CPU = Debug|Any CPU
		Release|Any CPU = Release|Any CPU
	EndGlobalSection
	GlobalSection(ProjectConfigurationPlatforms) = postSolution
		{16A846A1-A6D9-4B86-8840-C26D0845807F}.Debug|Any CPU.ActiveCfg = Debug|Any CPU
		{16A846A1-A6D9-4B86-8840-C26D0845807F}.Debug|Any CPU.Build.0 = Debug|Any CPU
		{16A846A1-A6D9-4B86-8840-C26D0845807F}.Release|Any CPU.ActiveCfg = Release|Any CPU
		{16A846A1-A6D9-4B86-8840-C26D0845807F}.Release|Any CPU.Build.0 = Release|Any CPU
	EndGlobalSection
	GlobalSection(SolutionProperties) = preSolution
		HideSolutionNode = FALSE
	EndGlobalSection
	GlobalSection(ExtensibilityGlobals) = postSolution
		SolutionGuid = {DC02705D-7B3D-4D96-B932-6859D1CF9DB6}
	EndGlobalSection
EndGlobal
